// !$*UTF8*$!
{
	archiveVersion = 1;
	classes = {
	};
	objectVersion = 51;
	objects = {

/* Begin PBXBuildFile section */
		411AA8BA3633A7716B806D96 /* Pods_YoutubeMatome.framework in Frameworks */ = {isa = PBXBuildFile; fileRef = D92BD980190550E4E80E26D6 /* Pods_YoutubeMatome.framework */; };
		FE7DBDF92365C8B800C3E27B /* AppDelegate.swift in Sources */ = {isa = PBXBuildFile; fileRef = FE7DBDF82365C8B800C3E27B /* AppDelegate.swift */; };
		FE7DBDFB2365C8B800C3E27B /* SceneDelegate.swift in Sources */ = {isa = PBXBuildFile; fileRef = FE7DBDFA2365C8B800C3E27B /* SceneDelegate.swift */; };
		FE7DBDFD2365C8B800C3E27B /* ViewController.swift in Sources */ = {isa = PBXBuildFile; fileRef = FE7DBDFC2365C8B800C3E27B /* ViewController.swift */; };
		FE7DBE002365C8B800C3E27B /* Main.storyboard in Resources */ = {isa = PBXBuildFile; fileRef = FE7DBDFE2365C8B800C3E27B /* Main.storyboard */; };
		FE7DBE022365C8BD00C3E27B /* Assets.xcassets in Resources */ = {isa = PBXBuildFile; fileRef = FE7DBE012365C8BD00C3E27B /* Assets.xcassets */; };
		FE7DBE052365C8BD00C3E27B /* LaunchScreen.storyboard in Resources */ = {isa = PBXBuildFile; fileRef = FE7DBE032365C8BD00C3E27B /* LaunchScreen.storyboard */; };
		FEC82EFB2365DC840080D145 /* Page1ViewController.swift in Sources */ = {isa = PBXBuildFile; fileRef = FEC82EFA2365DC840080D145 /* Page1ViewController.swift */; };
		FEC82EFD23666DDC0080D145 /* YoutubeData.swift in Sources */ = {isa = PBXBuildFile; fileRef = FEC82EFC23666DDC0080D145 /* YoutubeData.swift */; };
		FEC82EFF2366A0C30080D145 /* WebViewController.swift in Sources */ = {isa = PBXBuildFile; fileRef = FEC82EFE2366A0C30080D145 /* WebViewController.swift */; };
		FEC82F012366BF780080D145 /* Page2ViewController.swift in Sources */ = {isa = PBXBuildFile; fileRef = FEC82F002366BF780080D145 /* Page2ViewController.swift */; };
		FEC82F032366BF840080D145 /* Page3ViewController.swift in Sources */ = {isa = PBXBuildFile; fileRef = FEC82F022366BF840080D145 /* Page3ViewController.swift */; };
		FEC82F052366BF8C0080D145 /* Page4ViewController.swift in Sources */ = {isa = PBXBuildFile; fileRef = FEC82F042366BF8C0080D145 /* Page4ViewController.swift */; };
		FEC82F072366BF950080D145 /* Page5ViewController.swift in Sources */ = {isa = PBXBuildFile; fileRef = FEC82F062366BF950080D145 /* Page5ViewController.swift */; };
/* End PBXBuildFile section */

/* Begin PBXFileReference section */
		1C3999AD8AED8D1DF46E6AFF /* Pods-YoutubeMatome.debug.xcconfig */ = {isa = PBXFileReference; includeInIndex = 1; lastKnownFileType = text.xcconfig; name = "Pods-YoutubeMatome.debug.xcconfig"; path = "Target Support Files/Pods-YoutubeMatome/Pods-YoutubeMatome.debug.xcconfig"; sourceTree = "<group>"; };
		D92BD980190550E4E80E26D6 /* Pods_YoutubeMatome.framework */ = {isa = PBXFileReference; explicitFileType = wrapper.framework; includeInIndex = 0; path = Pods_YoutubeMatome.framework; sourceTree = BUILT_PRODUCTS_DIR; };
		EF507DCC3ED14BBEBC55E4C8 /* Pods-YoutubeMatome.release.xcconfig */ = {isa = PBXFileReference; includeInIndex = 1; lastKnownFileType = text.xcconfig; name = "Pods-YoutubeMatome.release.xcconfig"; path = "Target Support Files/Pods-YoutubeMatome/Pods-YoutubeMatome.release.xcconfig"; sourceTree = "<group>"; };
		FE7DBDF52365C8B800C3E27B /* YoutubeMatome.app */ = {isa = PBXFileReference; explicitFileType = wrapper.application; includeInIndex = 0; path = YoutubeMatome.app; sourceTree = BUILT_PRODUCTS_DIR; };
		FE7DBDF82365C8B800C3E27B /* AppDelegate.swift */ = {isa = PBXFileReference; lastKnownFileType = sourcecode.swift; path = AppDelegate.swift; sourceTree = "<group>"; };
		FE7DBDFA2365C8B800C3E27B /* SceneDelegate.swift */ = {isa = PBXFileReference; lastKnownFileType = sourcecode.swift; path = SceneDelegate.swift; sourceTree = "<group>"; };
		FE7DBDFC2365C8B800C3E27B /* ViewController.swift */ = {isa = PBXFileReference; lastKnownFileType = sourcecode.swift; path = ViewController.swift; sourceTree = "<group>"; };
		FE7DBDFF2365C8B800C3E27B /* Base */ = {isa = PBXFileReference; lastKnownFileType = file.storyboard; name = Base; path = Base.lproj/Main.storyboard; sourceTree = "<group>"; };
		FE7DBE012365C8BD00C3E27B /* Assets.xcassets */ = {isa = PBXFileReference; lastKnownFileType = folder.assetcatalog; path = Assets.xcassets; sourceTree = "<group>"; };
		FE7DBE042365C8BD00C3E27B /* Base */ = {isa = PBXFileReference; lastKnownFileType = file.storyboard; name = Base; path = Base.lproj/LaunchScreen.storyboard; sourceTree = "<group>"; };
		FE7DBE062365C8BD00C3E27B /* Info.plist */ = {isa = PBXFileReference; lastKnownFileType = text.plist.xml; path = Info.plist; sourceTree = "<group>"; };
		FEC82EFA2365DC840080D145 /* Page1ViewController.swift */ = {isa = PBXFileReference; lastKnownFileType = sourcecode.swift; path = Page1ViewController.swift; sourceTree = "<group>"; };
		FEC82EFC23666DDC0080D145 /* YoutubeData.swift */ = {isa = PBXFileReference; lastKnownFileType = sourcecode.swift; path = YoutubeData.swift; sourceTree = "<group>"; };
		FEC82EFE2366A0C30080D145 /* WebViewController.swift */ = {isa = PBXFileReference; lastKnownFileType = sourcecode.swift; path = WebViewController.swift; sourceTree = "<group>"; };
		FEC82F002366BF780080D145 /* Page2ViewController.swift */ = {isa = PBXFileReference; lastKnownFileType = sourcecode.swift; path = Page2ViewController.swift; sourceTree = "<group>"; };
		FEC82F022366BF840080D145 /* Page3ViewController.swift */ = {isa = PBXFileReference; lastKnownFileType = sourcecode.swift; path = Page3ViewController.swift; sourceTree = "<group>"; };
		FEC82F042366BF8C0080D145 /* Page4ViewController.swift */ = {isa = PBXFileReference; lastKnownFileType = sourcecode.swift; path = Page4ViewController.swift; sourceTree = "<group>"; };
		FEC82F062366BF950080D145 /* Page5ViewController.swift */ = {isa = PBXFileReference; lastKnownFileType = sourcecode.swift; path = Page5ViewController.swift; sourceTree = "<group>"; };
/* End PBXFileReference section */

/* Begin PBXFrameworksBuildPhase section */
		FE7DBDF22365C8B800C3E27B /* Frameworks */ = {
			isa = PBXFrameworksBuildPhase;
			buildActionMask = 2147483647;
			files = (
				411AA8BA3633A7716B806D96 /* Pods_YoutubeMatome.framework in Frameworks */,
			);
			runOnlyForDeploymentPostprocessing = 0;
		};
/* End PBXFrameworksBuildPhase section */

/* Begin PBXGroup section */
		7806862157BC1DF12B2B6038 /* Frameworks */ = {
			isa = PBXGroup;
			children = (
				D92BD980190550E4E80E26D6 /* Pods_YoutubeMatome.framework */,
			);
			name = Frameworks;
			sourceTree = "<group>";
		};
		BED995FFEE2845B9422A5529 /* Pods */ = {
			isa = PBXGroup;
			children = (
				1C3999AD8AED8D1DF46E6AFF /* Pods-YoutubeMatome.debug.xcconfig */,
				EF507DCC3ED14BBEBC55E4C8 /* Pods-YoutubeMatome.release.xcconfig */,
			);
			path = Pods;
			sourceTree = "<group>";
		};
		FE7DBDEC2365C8B800C3E27B = {
			isa = PBXGroup;
			children = (
				FE7DBDF72365C8B800C3E27B /* YoutubeMatome */,
				FE7DBDF62365C8B800C3E27B /* Products */,
				BED995FFEE2845B9422A5529 /* Pods */,
				7806862157BC1DF12B2B6038 /* Frameworks */,
			);
			sourceTree = "<group>";
		};
		FE7DBDF62365C8B800C3E27B /* Products */ = {
			isa = PBXGroup;
			children = (
				FE7DBDF52365C8B800C3E27B /* YoutubeMatome.app */,
			);
			name = Products;
			sourceTree = "<group>";
		};
		FE7DBDF72365C8B800C3E27B /* YoutubeMatome */ = {
			isa = PBXGroup;
			children = (
				FE7DBE0E2365CE6700C3E27B /* Model */,
				FE7DBE0D2365CE6000C3E27B /* View */,
				FE7DBE0C2365CE5300C3E27B /* Controller */,
				FE7DBE062365C8BD00C3E27B /* Info.plist */,
			);
			path = YoutubeMatome;
			sourceTree = "<group>";
		};
		FE7DBE0C2365CE5300C3E27B /* Controller */ = {
			isa = PBXGroup;
			children = (
				FE7DBDF82365C8B800C3E27B /* AppDelegate.swift */,
				FE7DBDFA2365C8B800C3E27B /* SceneDelegate.swift */,
				FE7DBDFC2365C8B800C3E27B /* ViewController.swift */,
				FEC82EFA2365DC840080D145 /* Page1ViewController.swift */,
				FEC82EFE2366A0C30080D145 /* WebViewController.swift */,
				FEC82F002366BF780080D145 /* Page2ViewController.swift */,
				FEC82F022366BF840080D145 /* Page3ViewController.swift */,
				FEC82F042366BF8C0080D145 /* Page4ViewController.swift */,
				FEC82F062366BF950080D145 /* Page5ViewController.swift */,
			);
			path = Controller;
			sourceTree = "<group>";
		};
		FE7DBE0D2365CE6000C3E27B /* View */ = {
			isa = PBXGroup;
			children = (
				FE7DBDFE2365C8B800C3E27B /* Main.storyboard */,
				FE7DBE012365C8BD00C3E27B /* Assets.xcassets */,
				FE7DBE032365C8BD00C3E27B /* LaunchScreen.storyboard */,
			);
			path = View;
			sourceTree = "<group>";
		};
		FE7DBE0E2365CE6700C3E27B /* Model */ = {
			isa = PBXGroup;
			children = (
				FEC82EFC23666DDC0080D145 /* YoutubeData.swift */,
			);
			path = Model;
			sourceTree = "<group>";
		};
/* End PBXGroup section */

/* Begin PBXNativeTarget section */
		FE7DBDF42365C8B800C3E27B /* YoutubeMatome */ = {
			isa = PBXNativeTarget;
			buildConfigurationList = FE7DBE092365C8BD00C3E27B /* Build configuration list for PBXNativeTarget "YoutubeMatome" */;
			buildPhases = (
				56C5146FFBECC5276E818662 /* [CP] Check Pods Manifest.lock */,
				FE7DBDF12365C8B800C3E27B /* Sources */,
				FE7DBDF22365C8B800C3E27B /* Frameworks */,
				FE7DBDF32365C8B800C3E27B /* Resources */,
				7E24DCF2B86062626D4673FF /* [CP] Embed Pods Frameworks */,
			);
			buildRules = (
			);
			dependencies = (
			);
			name = YoutubeMatome;
			productName = YoutubeMatome;
			productReference = FE7DBDF52365C8B800C3E27B /* YoutubeMatome.app */;
			productType = "com.apple.product-type.application";
		};
/* End PBXNativeTarget section */

/* Begin PBXProject section */
		FE7DBDED2365C8B800C3E27B /* Project object */ = {
			isa = PBXProject;
			attributes = {
				LastSwiftUpdateCheck = 1110;
				LastUpgradeCheck = 1110;
				ORGANIZATIONNAME = "Tsuyoshi Nagasaka";
				TargetAttributes = {
					FE7DBDF42365C8B800C3E27B = {
						CreatedOnToolsVersion = 11.1;
					};
				};
			};
			buildConfigurationList = FE7DBDF02365C8B800C3E27B /* Build configuration list for PBXProject "YoutubeMatome" */;
			compatibilityVersion = "Xcode 9.3";
			developmentRegion = en;
			hasScannedForEncodings = 0;
			knownRegions = (
				en,
				Base,
			);
			mainGroup = FE7DBDEC2365C8B800C3E27B;
			productRefGroup = FE7DBDF62365C8B800C3E27B /* Products */;
			projectDirPath = "";
			projectRoot = "";
			targets = (
				FE7DBDF42365C8B800C3E27B /* YoutubeMatome */,
			);
		};
/* End PBXProject section */

/* Begin PBXResourcesBuildPhase section */
		FE7DBDF32365C8B800C3E27B /* Resources */ = {
			isa = PBXResourcesBuildPhase;
			buildActionMask = 2147483647;
			files = (
				FE7DBE052365C8BD00C3E27B /* LaunchScreen.storyboard in Resources */,
				FE7DBE022365C8BD00C3E27B /* Assets.xcassets in Resources */,
				FE7DBE002365C8B800C3E27B /* Main.storyboard in Resources */,
			);
			runOnlyForDeploymentPostprocessing = 0;
		};
/* End PBXResourcesBuildPhase section */

/* Begin PBXShellScriptBuildPhase section */
		56C5146FFBECC5276E818662 /* [CP] Check Pods Manifest.lock */ = {
			isa = PBXShellScriptBuildPhase;
			buildActionMask = 2147483647;
			files = (
			);
			inputFileListPaths = (
			);
			inputPaths = (
				"${PODS_PODFILE_DIR_PATH}/Podfile.lock",
				"${PODS_ROOT}/Manifest.lock",
			);
			name = "[CP] Check Pods Manifest.lock";
			outputFileListPaths = (
			);
			outputPaths = (
				"$(DERIVED_FILE_DIR)/Pods-YoutubeMatome-checkManifestLockResult.txt",
			);
			runOnlyForDeploymentPostprocessing = 0;
			shellPath = /bin/sh;
			shellScript = "diff \"${PODS_PODFILE_DIR_PATH}/Podfile.lock\" \"${PODS_ROOT}/Manifest.lock\" > /dev/null\nif [ $? != 0 ] ; then\n    # print error to STDERR\n    echo \"error: The sandbox is not in sync with the Podfile.lock. Run 'pod install' or update your CocoaPods installation.\" >&2\n    exit 1\nfi\n# This output is used by Xcode 'outputs' to avoid re-running this script phase.\necho \"SUCCESS\" > \"${SCRIPT_OUTPUT_FILE_0}\"\n";
			showEnvVarsInLog = 0;
		};
		7E24DCF2B86062626D4673FF /* [CP] Embed Pods Frameworks */ = {
			isa = PBXShellScriptBuildPhase;
			buildActionMask = 2147483647;
			files = (
			);
			inputFileListPaths = (
				"${PODS_ROOT}/Target Support Files/Pods-YoutubeMatome/Pods-YoutubeMatome-frameworks-${CONFIGURATION}-input-files.xcfilelist",
			);
			name = "[CP] Embed Pods Frameworks";
			outputFileListPaths = (
				"${PODS_ROOT}/Target Support Files/Pods-YoutubeMatome/Pods-YoutubeMatome-frameworks-${CONFIGURATION}-output-files.xcfilelist",
			);
			runOnlyForDeploymentPostprocessing = 0;
			shellPath = /bin/sh;
			shellScript = "\"${PODS_ROOT}/Target Support Files/Pods-YoutubeMatome/Pods-YoutubeMatome-frameworks.sh\"\n";
			showEnvVarsInLog = 0;
		};
/* End PBXShellScriptBuildPhase section */

/* Begin PBXSourcesBuildPhase section */
		FE7DBDF12365C8B800C3E27B /* Sources */ = {
			isa = PBXSourcesBuildPhase;
			buildActionMask = 2147483647;
			files = (
				FE7DBDFD2365C8B800C3E27B /* ViewController.swift in Sources */,
				FEC82EFF2366A0C30080D145 /* WebViewController.swift in Sources */,
				FEC82F052366BF8C0080D145 /* Page4ViewController.swift in Sources */,
				FEC82EFD23666DDC0080D145 /* YoutubeData.swift in Sources */,
				FEC82F032366BF840080D145 /* Page3ViewController.swift in Sources */,
				FEC82F072366BF950080D145 /* Page5ViewController.swift in Sources */,
				FEC82EFB2365DC840080D145 /* Page1ViewController.swift in Sources */,
				FE7DBDF92365C8B800C3E27B /* AppDelegate.swift in Sources */,
				FE7DBDFB2365C8B800C3E27B /* SceneDelegate.swift in Sources */,
				FEC82F012366BF780080D145 /* Page2ViewController.swift in Sources */,
			);
			runOnlyForDeploymentPostprocessing = 0;
		};
/* End PBXSourcesBuildPhase section */

/* Begin PBXVariantGroup section */
		FE7DBDFE2365C8B800C3E27B /* Main.storyboard */ = {
			isa = PBXVariantGroup;
			children = (
				FE7DBDFF2365C8B800C3E27B /* Base */,
			);
			name = Main.storyboard;
			sourceTree = "<group>";
		};
		FE7DBE032365C8BD00C3E27B /* LaunchScreen.storyboard */ = {
			isa = PBXVariantGroup;
			children = (
				FE7DBE042365C8BD00C3E27B /* Base */,
			);
			name = LaunchScreen.storyboard;
			sourceTree = "<group>";
		};
/* End PBXVariantGroup section */

/* Begin XCBuildConfiguration section */
		FE7DBE072365C8BD00C3E27B /* Debug */ = {
			isa = XCBuildConfiguration;
			buildSettings = {
				ALWAYS_SEARCH_USER_PATHS = NO;
				CLANG_ANALYZER_NONNULL = YES;
				CLANG_ANALYZER_NUMBER_OBJECT_CONVERSION = YES_AGGRESSIVE;
				CLANG_CXX_LANGUAGE_STANDARD = "gnu++14";
				CLANG_CXX_LIBRARY = "libc++";
				CLANG_ENABLE_MODULES = YES;
				CLANG_ENABLE_OBJC_ARC = YES;
				CLANG_ENABLE_OBJC_WEAK = YES;
				CLANG_WARN_BLOCK_CAPTURE_AUTORELEASING = YES;
				CLANG_WARN_BOOL_CONVERSION = YES;
				CLANG_WARN_COMMA = YES;
				CLANG_WARN_CONSTANT_CONVERSION = YES;
				CLANG_WARN_DEPRECATED_OBJC_IMPLEMENTATIONS = YES;
				CLANG_WARN_DIRECT_OBJC_ISA_USAGE = YES_ERROR;
				CLANG_WARN_DOCUMENTATION_COMMENTS = YES;
				CLANG_WARN_EMPTY_BODY = YES;
				CLANG_WARN_ENUM_CONVERSION = YES;
				CLANG_WARN_INFINITE_RECURSION = YES;
				CLANG_WARN_INT_CONVERSION = YES;
				CLANG_WARN_NON_LITERAL_NULL_CONVERSION = YES;
				CLANG_WARN_OBJC_IMPLICIT_RETAIN_SELF = YES;
				CLANG_WARN_OBJC_LITERAL_CONVERSION = YES;
				CLANG_WARN_OBJC_ROOT_CLASS = YES_ERROR;
				CLANG_WARN_RANGE_LOOP_ANALYSIS = YES;
				CLANG_WARN_STRICT_PROTOTYPES = YES;
				CLANG_WARN_SUSPICIOUS_MOVE = YES;
				CLANG_WARN_UNGUARDED_AVAILABILITY = YES_AGGRESSIVE;
				CLANG_WARN_UNREACHABLE_CODE = YES;
				CLANG_WARN__DUPLICATE_METHOD_MATCH = YES;
				COPY_PHASE_STRIP = NO;
				DEBUG_INFORMATION_FORMAT = dwarf;
				ENABLE_STRICT_OBJC_MSGSEND = YES;
				ENABLE_TESTABILITY = YES;
				GCC_C_LANGUAGE_STANDARD = gnu11;
				GCC_DYNAMIC_NO_PIC = NO;
				GCC_NO_COMMON_BLOCKS = YES;
				GCC_OPTIMIZATION_LEVEL = 0;
				GCC_PREPROCESSOR_DEFINITIONS = (
					"DEBUG=1",
					"$(inherited)",
				);
				GCC_WARN_64_TO_32_BIT_CONVERSION = YES;
				GCC_WARN_ABOUT_RETURN_TYPE = YES_ERROR;
				GCC_WARN_UNDECLARED_SELECTOR = YES;
				GCC_WARN_UNINITIALIZED_AUTOS = YES_AGGRESSIVE;
				GCC_WARN_UNUSED_FUNCTION = YES;
				GCC_WARN_UNUSED_VARIABLE = YES;
				IPHONEOS_DEPLOYMENT_TARGET = 13.1;
				MTL_ENABLE_DEBUG_INFO = INCLUDE_SOURCE;
				MTL_FAST_MATH = YES;
				ONLY_ACTIVE_ARCH = YES;
				SDKROOT = iphoneos;
				SWIFT_ACTIVE_COMPILATION_CONDITIONS = DEBUG;
				SWIFT_OPTIMIZATION_LEVEL = "-Onone";
			};
			name = Debug;
		};
		FE7DBE082365C8BD00C3E27B /* Release */ = {
			isa = XCBuildConfiguration;
			buildSettings = {
				ALWAYS_SEARCH_USER_PATHS = NO;
				CLANG_ANALYZER_NONNULL = YES;
				CLANG_ANALYZER_NUMBER_OBJECT_CONVERSION = YES_AGGRESSIVE;
				CLANG_CXX_LANGUAGE_STANDARD = "gnu++14";
				CLANG_CXX_LIBRARY = "libc++";
				CLANG_ENABLE_MODULES = YES;
				CLANG_ENABLE_OBJC_ARC = YES;
				CLANG_ENABLE_OBJC_WEAK = YES;
				CLANG_WARN_BLOCK_CAPTURE_AUTORELEASING = YES;
				CLANG_WARN_BOOL_CONVERSION = YES;
				CLANG_WARN_COMMA = YES;
				CLANG_WARN_CONSTANT_CONVERSION = YES;
				CLANG_WARN_DEPRECATED_OBJC_IMPLEMENTATIONS = YES;
				CLANG_WARN_DIRECT_OBJC_ISA_USAGE = YES_ERROR;
				CLANG_WARN_DOCUMENTATION_COMMENTS = YES;
				CLANG_WARN_EMPTY_BODY = YES;
				CLANG_WARN_ENUM_CONVERSION = YES;
				CLANG_WARN_INFINITE_RECURSION = YES;
				CLANG_WARN_INT_CONVERSION = YES;
				CLANG_WARN_NON_LITERAL_NULL_CONVERSION = YES;
				CLANG_WARN_OBJC_IMPLICIT_RETAIN_SELF = YES;
				CLANG_WARN_OBJC_LITERAL_CONVERSION = YES;
				CLANG_WARN_OBJC_ROOT_CLASS = YES_ERROR;
				CLANG_WARN_RANGE_LOOP_ANALYSIS = YES;
				CLANG_WARN_STRICT_PROTOTYPES = YES;
				CLANG_WARN_SUSPICIOUS_MOVE = YES;
				CLANG_WARN_UNGUARDED_AVAILABILITY = YES_AGGRESSIVE;
				CLANG_WARN_UNREACHABLE_CODE = YES;
				CLANG_WARN__DUPLICATE_METHOD_MATCH = YES;
				COPY_PHASE_STRIP = NO;
				DEBUG_INFORMATION_FORMAT = "dwarf-with-dsym";
				ENABLE_NS_ASSERTIONS = NO;
				ENABLE_STRICT_OBJC_MSGSEND = YES;
				GCC_C_LANGUAGE_STANDARD = gnu11;
				GCC_NO_COMMON_BLOCKS = YES;
				GCC_WARN_64_TO_32_BIT_CONVERSION = YES;
				GCC_WARN_ABOUT_RETURN_TYPE = YES_ERROR;
				GCC_WARN_UNDECLARED_SELECTOR = YES;
				GCC_WARN_UNINITIALIZED_AUTOS = YES_AGGRESSIVE;
				GCC_WARN_UNUSED_FUNCTION = YES;
				GCC_WARN_UNUSED_VARIABLE = YES;
				IPHONEOS_DEPLOYMENT_TARGET = 13.1;
				MTL_ENABLE_DEBUG_INFO = NO;
				MTL_FAST_MATH = YES;
				SDKROOT = iphoneos;
				SWIFT_COMPILATION_MODE = wholemodule;
				SWIFT_OPTIMIZATION_LEVEL = "-O";
				VALIDATE_PRODUCT = YES;
			};
			name = Release;
		};
		FE7DBE0A2365C8BD00C3E27B /* Debug */ = {
			isa = XCBuildConfiguration;
			baseConfigurationReference = 1C3999AD8AED8D1DF46E6AFF /* Pods-YoutubeMatome.debug.xcconfig */;
			buildSettings = {
				ASSETCATALOG_COMPILER_APPICON_NAME = AppIcon;
				CODE_SIGN_STYLE = Automatic;
				INFOPLIST_FILE = YoutubeMatome/Info.plist;
				LD_RUNPATH_SEARCH_PATHS = (
					"$(inherited)",
					"@executable_path/Frameworks",
				);
				PRODUCT_BUNDLE_IDENTIFIER = com.gmail.tnaga244bn.YoutubeMatome;
				PRODUCT_NAME = "$(TARGET_NAME)";
				SWIFT_VERSION = 5.0;
				TARGETED_DEVICE_FAMILY = "1,2";
			};
			name = Debug;
		};
		FE7DBE0B2365C8BD00C3E27B /* Release */ = {
			isa = XCBuildConfiguration;
			baseConfigurationReference = EF507DCC3ED14BBEBC55E4C8 /* Pods-YoutubeMatome.release.xcconfig */;
			buildSettings = {
				ASSETCATALOG_COMPILER_APPICON_NAME = AppIcon;
				CODE_SIGN_STYLE = Automatic;
				INFOPLIST_FILE = YoutubeMatome/Info.plist;
				LD_RUNPATH_SEARCH_PATHS = (
					"$(inherited)",
					"@executable_path/Frameworks",
				);
				PRODUCT_BUNDLE_IDENTIFIER = com.gmail.tnaga244bn.YoutubeMatome;
				PRODUCT_NAME = "$(TARGET_NAME)";
				SWIFT_VERSION = 5.0;
				TARGETED_DEVICE_FAMILY = "1,2";
			};
			name = Release;
		};
/* End XCBuildConfiguration section */

/* Begin XCConfigurationList section */
		FE7DBDF02365C8B800C3E27B /* Build configuration list for PBXProject "YoutubeMatome" */ = {
			isa = XCConfigurationList;
			buildConfigurations = (
				FE7DBE072365C8BD00C3E27B /* Debug */,
				FE7DBE082365C8BD00C3E27B /* Release */,
			);
			defaultConfigurationIsVisible = 0;
			defaultConfigurationName = Release;
		};
		FE7DBE092365C8BD00C3E27B /* Build configuration list for PBXNativeTarget "YoutubeMatome" */ = {
			isa = XCConfigurationList;
			buildConfigurations = (
				FE7DBE0A2365C8BD00C3E27B /* Debug */,
				FE7DBE0B2365C8BD00C3E27B /* Release */,
			);
			defaultConfigurationIsVisible = 0;
			defaultConfigurationName = Release;
		};
/* End XCConfigurationList section */
	};
	rootObject = FE7DBDED2365C8B800C3E27B /* Project object */;
}
