// !$*UTF8*$!
{
	archiveVersion = 1;
	classes = {
	};
	objectVersion = 50;
	objects = {

/* Begin PBXBuildFile section */
		FE7DBDF92365C8B800C3E27B /* AppDelegate.swift in Sources */ = {isa = PBXBuildFile; fileRef = FE7DBDF82365C8B800C3E27B /* AppDelegate.swift */; };
		FE7DBDFB2365C8B800C3E27B /* SceneDelegate.swift in Sources */ = {isa = PBXBuildFile; fileRef = FE7DBDFA2365C8B800C3E27B /* SceneDelegate.swift */; };
		FE7DBDFD2365C8B800C3E27B /* ViewController.swift in Sources */ = {isa = PBXBuildFile; fileRef = FE7DBDFC2365C8B800C3E27B /* ViewController.swift */; };
		FE7DBE002365C8B800C3E27B /* Main.storyboard in Resources */ = {isa = PBXBuildFile; fileRef = FE7DBDFE2365C8B800C3E27B /* Main.storyboard */; };
		FE7DBE022365C8BD00C3E27B /* Assets.xcassets in Resources */ = {isa = PBXBuildFile; fileRef = FE7DBE012365C8BD00C3E27B /* Assets.xcassets */; };
		FE7DBE052365C8BD00C3E27B /* LaunchScreen.storyboard in Resources */ = {isa = PBXBuildFile; fileRef = FE7DBE032365C8BD00C3E27B /* LaunchScreen.storyboard */; };
/* End PBXBuildFile section */

/* Begin PBXFileReference section */
		FE7DBDF52365C8B800C3E27B /* YoutubeMatome.app */ = {isa = PBXFileReference; explicitFileType = wrapper.application; includeInIndex = 0; path = YoutubeMatome.app; sourceTree = BUILT_PRODUCTS_DIR; };
		FE7DBDF82365C8B800C3E27B /* AppDelegate.swift */ = {isa = PBXFileReference; lastKnownFileType = sourcecode.swift; path = AppDelegate.swift; sourceTree = "<group>"; };
		FE7DBDFA2365C8B800C3E27B /* SceneDelegate.swift */ = {isa = PBXFileReference; lastKnownFileType = sourcecode.swift; path = SceneDelegate.swift; sourceTree = "<group>"; };
		FE7DBDFC2365C8B800C3E27B /* ViewController.swift */ = {isa = PBXFileReference; lastKnownFileType = sourcecode.swift; path = ViewController.swift; sourceTree = "<group>"; };
		FE7DBDFF2365C8B800C3E27B /* Base */ = {isa = PBXFileReference; lastKnownFileType = file.storyboard; name = Base; path = Base.lproj/Main.storyboard; sourceTree = "<group>"; };
		FE7DBE012365C8BD00C3E27B /* Assets.xcassets */ = {isa = PBXFileReference; lastKnownFileType = folder.assetcatalog; path = Assets.xcassets; sourceTree = "<group>"; };
		FE7DBE042365C8BD00C3E27B /* Base */ = {isa = PBXFileReference; lastKnownFileType = file.storyboard; name = Base; path = Base.lproj/LaunchScreen.storyboard; sourceTree = "<group>"; };
		FE7DBE062365C8BD00C3E27B /* Info.plist */ = {isa = PBXFileReference; lastKnownFileType = text.plist.xml; path = Info.plist; sourceTree = "<group>"; };
/* End PBXFileReference section */

/* Begin PBXFrameworksBuildPhase section */
		FE7DBDF22365C8B800C3E27B /* Frameworks */ = {
			isa = PBXFrameworksBuildPhase;
			buildActionMask = 2147483647;
			files = (
			);
			runOnlyForDeploymentPostprocessing = 0;
		};
/* End PBXFrameworksBuildPhase section */

/* Begin PBXGroup section */
		FE7DBDEC2365C8B800C3E27B = {
			isa = PBXGroup;
			children = (
				FE7DBDF72365C8B800C3E27B /* YoutubeMatome */,
				FE7DBDF62365C8B800C3E27B /* Products */,
			);
			sourceTree = "<group>";
		};
		FE7DBDF62365C8B800C3E27B /* Products */ = {
			isa = PBXGroup;
			children = (
				FE7DBDF52365C8B800C3E27B /* YoutubeMatome.app */,
			);
			name = Products;
			sourceTree = "<group>";
		};
		FE7DBDF72365C8B800C3E27B /* YoutubeMatome */ = {
			isa = PBXGroup;
			children = (
				FE7DBDF82365C8B800C3E27B /* AppDelegate.swift */,
				FE7DBDFA2365C8B800C3E27B /* SceneDelegate.swift */,
				FE7DBDFC2365C8B800C3E27B /* ViewController.swift */,
				FE7DBDFE2365C8B800C3E27B /* Main.storyboard */,
				FE7DBE012365C8BD00C3E27B /* Assets.xcassets */,
				FE7DBE032365C8BD00C3E27B /* LaunchScreen.storyboard */,
				FE7DBE062365C8BD00C3E27B /* Info.plist */,
			);
			path = YoutubeMatome;
			sourceTree = "<group>";
		};
/* End PBXGroup section */

/* Begin PBXNativeTarget section */
		FE7DBDF42365C8B800C3E27B /* YoutubeMatome */ = {
			isa = PBXNativeTarget;
			buildConfigurationList = FE7DBE092365C8BD00C3E27B /* Build configuration list for PBXNativeTarget "YoutubeMatome" */;
			buildPhases = (
				FE7DBDF12365C8B800C3E27B /* Sources */,
				FE7DBDF22365C8B800C3E27B /* Frameworks */,
				FE7DBDF32365C8B800C3E27B /* Resources */,
			);
			buildRules = (
			);
			dependencies = (
			);
			name = YoutubeMatome;
			productName = YoutubeMatome;
			productReference = FE7DBDF52365C8B800C3E27B /* YoutubeMatome.app */;
			productType = "com.apple.product-type.application";
		};
/* End PBXNativeTarget section */

/* Begin PBXProject section */
		FE7DBDED2365C8B800C3E27B /* Project object */ = {
			isa = PBXProject;
			attributes = {
				LastSwiftUpdateCheck = 1110;
				LastUpgradeCheck = 1110;
				ORGANIZATIONNAME = "Tsuyoshi Nagasaka";
				TargetAttributes = {
					FE7DBDF42365C8B800C3E27B = {
						CreatedOnToolsVersion = 11.1;
					};
				};
			};
			buildConfigurationList = FE7DBDF02365C8B800C3E27B /* Build configuration list for PBXProject "YoutubeMatome" */;
			compatibilityVersion = "Xcode 9.3";
			developmentRegion = en;
			hasScannedForEncodings = 0;
			knownRegions = (
				en,
				Base,
			);
			mainGroup = FE7DBDEC2365C8B800C3E27B;
			productRefGroup = FE7DBDF62365C8B800C3E27B /* Products */;
			projectDirPath = "";
			projectRoot = "";
			targets = (
				FE7DBDF42365C8B800C3E27B /* YoutubeMatome */,
			);
		};
/* End PBXProject section */

/* Begin PBXResourcesBuildPhase section */
		FE7DBDF32365C8B800C3E27B /* Resources */ = {
			isa = PBXResourcesBuildPhase;
			buildActionMask = 2147483647;
			files = (
				FE7DBE052365C8BD00C3E27B /* LaunchScreen.storyboard in Resources */,
				FE7DBE022365C8BD00C3E27B /* Assets.xcassets in Resources */,
				FE7DBE002365C8B800C3E27B /* Main.storyboard in Resources */,
			);
			runOnlyForDeploymentPostprocessing = 0;
		};
/* End PBXResourcesBuildPhase section */

/* Begin PBXSourcesBuildPhase section */
		FE7DBDF12365C8B800C3E27B /* Sources */ = {
			isa = PBXSourcesBuildPhase;
			buildActionMask = 2147483647;
			files = (
				FE7DBDFD2365C8B800C3E27B /* ViewController.swift in Sources */,
				FE7DBDF92365C8B800C3E27B /* AppDelegate.swift in Sources */,
				FE7DBDFB2365C8B800C3E27B /* SceneDelegate.swift in Sources */,
			);
			runOnlyForDeploymentPostprocessing = 0;
		};
/* End PBXSourcesBuildPhase section */

/* Begin PBXVariantGroup section */
		FE7DBDFE2365C8B800C3E27B /* Main.storyboard */ = {
			isa = PBXVariantGroup;
			children = (
				FE7DBDFF2365C8B800C3E27B /* Base */,
			);
			name = Main.storyboard;
			sourceTree = "<group>";
		};
		FE7DBE032365C8BD00C3E27B /* LaunchScreen.storyboard */ = {
			isa = PBXVariantGroup;
			children = (
				FE7DBE042365C8BD00C3E27B /* Base */,
			);
			name = LaunchScreen.storyboard;
			sourceTree = "<group>";
		};
/* End PBXVariantGroup section */

/* Begin XCBuildConfiguration section */
		FE7DBE072365C8BD00C3E27B /* Debug */ = {
			isa = XCBuildConfiguration;
			buildSettings = {
				ALWAYS_SEARCH_USER_PATHS = NO;
				CLANG_ANALYZER_NONNULL = YES;
				CLANG_ANALYZER_NUMBER_OBJECT_CONVERSION = YES_AGGRESSIVE;
				CLANG_CXX_LANGUAGE_STANDARD = "gnu++14";
				CLANG_CXX_LIBRARY = "libc++";
				CLANG_ENABLE_MODULES = YES;
				CLANG_ENABLE_OBJC_ARC = YES;
				CLANG_ENABLE_OBJC_WEAK = YES;
				CLANG_WARN_BLOCK_CAPTURE_AUTORELEASING = YES;
				CLANG_WARN_BOOL_CONVERSION = YES;
				CLANG_WARN_COMMA = YES;
				CLANG_WARN_CONSTANT_CONVERSION = YES;
				CLANG_WARN_DEPRECATED_OBJC_IMPLEMENTATIONS = YES;
				CLANG_WARN_DIRECT_OBJC_ISA_USAGE = YES_ERROR;
				CLANG_WARN_DOCUMENTATION_COMMENTS = YES;
				CLANG_WARN_EMPTY_BODY = YES;
				CLANG_WARN_ENUM_CONVERSION = YES;
				CLANG_WARN_INFINITE_RECURSION = YES;
				CLANG_WARN_INT_CONVERSION = YES;
				CLANG_WARN_NON_LITERAL_NULL_CONVERSION = YES;
				CLANG_WARN_OBJC_IMPLICIT_RETAIN_SELF = YES;
				CLANG_WARN_OBJC_LITERAL_CONVERSION = YES;
				CLANG_WARN_OBJC_ROOT_CLASS = YES_ERROR;
				CLANG_WARN_RANGE_LOOP_ANALYSIS = YES;
				CLANG_WARN_STRICT_PROTOTYPES = YES;
				CLANG_WARN_SUSPICIOUS_MOVE = YES;
				CLANG_WARN_UNGUARDED_AVAILABILITY = YES_AGGRESSIVE;
				CLANG_WARN_UNREACHABLE_CODE = YES;
				CLANG_WARN__DUPLICATE_METHOD_MATCH = YES;
				COPY_PHASE_STRIP = NO;
				DEBUG_INFORMATION_FORMAT = dwarf;
				ENABLE_STRICT_OBJC_MSGSEND = YES;
				ENABLE_TESTABILITY = YES;
				GCC_C_LANGUAGE_STANDARD = gnu11;
				GCC_DYNAMIC_NO_PIC = NO;
				GCC_NO_COMMON_BLOCKS = YES;
				GCC_OPTIMIZATION_LEVEL = 0;
				GCC_PREPROCESSOR_DEFINITIONS = (
					"DEBUG=1",
					"$(inherited)",
				);
				GCC_WARN_64_TO_32_BIT_CONVERSION = YES;
				GCC_WARN_ABOUT_RETURN_TYPE = YES_ERROR;
				GCC_WARN_UNDECLARED_SELECTOR = YES;
				GCC_WARN_UNINITIALIZED_AUTOS = YES_AGGRESSIVE;
				GCC_WARN_UNUSED_FUNCTION = YES;
				GCC_WARN_UNUSED_VARIABLE = YES;
				IPHONEOS_DEPLOYMENT_TARGET = 13.1;
				MTL_ENABLE_DEBUG_INFO = INCLUDE_SOURCE;
				MTL_FAST_MATH = YES;
				ONLY_ACTIVE_ARCH = YES;
				SDKROOT = iphoneos;
				SWIFT_ACTIVE_COMPILATION_CONDITIONS = DEBUG;
				SWIFT_OPTIMIZATION_LEVEL = "-Onone";
			};
			name = Debug;
		};
		FE7DBE082365C8BD00C3E27B /* Release */ = {
			isa = XCBuildConfiguration;
			buildSettings = {
				ALWAYS_SEARCH_USER_PATHS = NO;
				CLANG_ANALYZER_NONNULL = YES;
				CLANG_ANALYZER_NUMBER_OBJECT_CONVERSION = YES_AGGRESSIVE;
				CLANG_CXX_LANGUAGE_STANDARD = "gnu++14";
				CLANG_CXX_LIBRARY = "libc++";
				CLANG_ENABLE_MODULES = YES;
				CLANG_ENABLE_OBJC_ARC = YES;
				CLANG_ENABLE_OBJC_WEAK = YES;
				CLANG_WARN_BLOCK_CAPTURE_AUTORELEASING = YES;
				CLANG_WARN_BOOL_CONVERSION = YES;
				CLANG_WARN_COMMA = YES;
				CLANG_WARN_CONSTANT_CONVERSION = YES;
				CLANG_WARN_DEPRECATED_OBJC_IMPLEMENTATIONS = YES;
				CLANG_WARN_DIRECT_OBJC_ISA_USAGE = YES_ERROR;
				CLANG_WARN_DOCUMENTATION_COMMENTS = YES;
				CLANG_WARN_EMPTY_BODY = YES;
				CLANG_WARN_ENUM_CONVERSION = YES;
				CLANG_WARN_INFINITE_RECURSION = YES;
				CLANG_WARN_INT_CONVERSION = YES;
				CLANG_WARN_NON_LITERAL_NULL_CONVERSION = YES;
				CLANG_WARN_OBJC_IMPLICIT_RETAIN_SELF = YES;
				CLANG_WARN_OBJC_LITERAL_CONVERSION = YES;
				CLANG_WARN_OBJC_ROOT_CLASS = YES_ERROR;
				CLANG_WARN_RANGE_LOOP_ANALYSIS = YES;
				CLANG_WARN_STRICT_PROTOTYPES = YES;
				CLANG_WARN_SUSPICIOUS_MOVE = YES;
				CLANG_WARN_UNGUARDED_AVAILABILITY = YES_AGGRESSIVE;
				CLANG_WARN_UNREACHABLE_CODE = YES;
				CLANG_WARN__DUPLICATE_METHOD_MATCH = YES;
				COPY_PHASE_STRIP = NO;
				DEBUG_INFORMATION_FORMAT = "dwarf-with-dsym";
				ENABLE_NS_ASSERTIONS = NO;
				ENABLE_STRICT_OBJC_MSGSEND = YES;
				GCC_C_LANGUAGE_STANDARD = gnu11;
				GCC_NO_COMMON_BLOCKS = YES;
				GCC_WARN_64_TO_32_BIT_CONVERSION = YES;
				GCC_WARN_ABOUT_RETURN_TYPE = YES_ERROR;
				GCC_WARN_UNDECLARED_SELECTOR = YES;
				GCC_WARN_UNINITIALIZED_AUTOS = YES_AGGRESSIVE;
				GCC_WARN_UNUSED_FUNCTION = YES;
				GCC_WARN_UNUSED_VARIABLE = YES;
				IPHONEOS_DEPLOYMENT_TARGET = 13.1;
				MTL_ENABLE_DEBUG_INFO = NO;
				MTL_FAST_MATH = YES;
				SDKROOT = iphoneos;
				SWIFT_COMPILATION_MODE = wholemodule;
				SWIFT_OPTIMIZATION_LEVEL = "-O";
				VALIDATE_PRODUCT = YES;
			};
			name = Release;
		};
		FE7DBE0A2365C8BD00C3E27B /* Debug */ = {
			isa = XCBuildConfiguration;
			buildSettings = {
				ASSETCATALOG_COMPILER_APPICON_NAME = AppIcon;
				CODE_SIGN_STYLE = Automatic;
				INFOPLIST_FILE = YoutubeMatome/Info.plist;
				LD_RUNPATH_SEARCH_PATHS = (
					"$(inherited)",
					"@executable_path/Frameworks",
				);
				PRODUCT_BUNDLE_IDENTIFIER = com.gmail.tnaga244bn.YoutubeMatome;
				PRODUCT_NAME = "$(TARGET_NAME)";
				SWIFT_VERSION = 5.0;
				TARGETED_DEVICE_FAMILY = "1,2";
			};
			name = Debug;
		};
		FE7DBE0B2365C8BD00C3E27B /* Release */ = {
			isa = XCBuildConfiguration;
			buildSettings = {
				ASSETCATALOG_COMPILER_APPICON_NAME = AppIcon;
				CODE_SIGN_STYLE = Automatic;
				INFOPLIST_FILE = YoutubeMatome/Info.plist;
				LD_RUNPATH_SEARCH_PATHS = (
					"$(inherited)",
					"@executable_path/Frameworks",
				);
				PRODUCT_BUNDLE_IDENTIFIER = com.gmail.tnaga244bn.YoutubeMatome;
				PRODUCT_NAME = "$(TARGET_NAME)";
				SWIFT_VERSION = 5.0;
				TARGETED_DEVICE_FAMILY = "1,2";
			};
			name = Release;
		};
/* End XCBuildConfiguration section */

/* Begin XCConfigurationList section */
		FE7DBDF02365C8B800C3E27B /* Build configuration list for PBXProject "YoutubeMatome" */ = {
			isa = XCConfigurationList;
			buildConfigurations = (
				FE7DBE072365C8BD00C3E27B /* Debug */,
				FE7DBE082365C8BD00C3E27B /* Release */,
			);
			defaultConfigurationIsVisible = 0;
			defaultConfigurationName = Release;
		};
		FE7DBE092365C8BD00C3E27B /* Build configuration list for PBXNativeTarget "YoutubeMatome" */ = {
			isa = XCConfigurationList;
			buildConfigurations = (
				FE7DBE0A2365C8BD00C3E27B /* Debug */,
				FE7DBE0B2365C8BD00C3E27B /* Release */,
			);
			defaultConfigurationIsVisible = 0;
			defaultConfigurationName = Release;
		};
/* End XCConfigurationList section */
	};
	rootObject = FE7DBDED2365C8B800C3E27B /* Project object */;
}
